
Microsoft Visual Studio Solution File, Format Version 12.00
# Visual Studio 15
VisualStudioVersion = 15.0.27428.1
MinimumVisualStudioVersion = 10.0.40219.1
Project("{8BC9CEB8-8B4A-11D0-8D11-00A0C91BC942}") = "Check Even 64-bit", "Check Even 64-bit\Check Even 64-bit.vcxproj", "{7699ED9C-4D86-4E42-AAB2-3BA62E1073C5}"
EndProject
Global
	GlobalSection(SolutionConfigurationPlatforms) = preSolution
		Debug|x64 = Debug|x64
		Debug|x86 = Debug|x86
		Release|x64 = Release|x64
		Release|x86 = Release|x86
	EndGlobalSection
	GlobalSection(ProjectConfigurationPlatforms) = postSolution
		{7699ED9C-4D86-4E42-AAB2-3BA62E1073C5}.Debug|x64.ActiveCfg = Debug|x64
		{7699ED9C-4D86-4E42-AAB2-3BA62E1073C5}.Debug|x64.Build.0 = Debug|x64
		{7699ED9C-4D86-4E42-AAB2-3BA62E1073C5}.Debug|x86.ActiveCfg = Debug|Win32
		{7699ED9C-4D86-4E42-AAB2-3BA62E1073C5}.Debug|x86.Build.0 = Debug|Win32
		{7699ED9C-4D86-4E42-AAB2-3BA62E1073C5}.Release|x64.ActiveCfg = Release|x64
		{7699ED9C-4D86-4E42-AAB2-3BA62E1073C5}.Release|x64.Build.0 = Release|x64
		{7699ED9C-4D86-4E42-AAB2-3BA62E1073C5}.Release|x86.ActiveCfg = Release|Win32
		{7699ED9C-4D86-4E42-AAB2-3BA62E1073C5}.Release|x86.Build.0 = Release|Win32
	EndGlobalSection
	GlobalSection(SolutionProperties) = preSolution
		HideSolutionNode = FALSE
	EndGlobalSection
	GlobalSection(ExtensibilityGlobals) = postSolution
		SolutionGuid = {46F9C538-7606-4DB1-BE93-674446DFE568}
	EndGlobalSection
EndGlobal
